
Microsoft Visual Studio Solution File, Format Version 12.00
# Visual Studio Version 17
VisualStudioVersion = 17.11.35327.3
MinimumVisualStudioVersion = 10.0.40219.1
Project("{FAE04EC0-301F-11D3-BF4B-00C04F79EFBC}") = "BTL_QuanLyThuVien_Nhom2", "BTL_QuanLyThuVien_Nhom2.csproj", "{BAF0196A-2359-4C7F-8688-EAD50CE81D3B}"
EndProject
Global
	GlobalSection(SolutionConfigurationPlatforms) = preSolution
		Debug|Any CPU = Debug|Any CPU
		Release|Any CPU = Release|Any CPU
	EndGlobalSection
	GlobalSection(ProjectConfigurationPlatforms) = postSolution
		{BAF0196A-2359-4C7F-8688-EAD50CE81D3B}.Debug|Any CPU.ActiveCfg = Debug|Any CPU
		{BAF0196A-2359-4C7F-8688-EAD50CE81D3B}.Debug|Any CPU.Build.0 = Debug|Any CPU
		{BAF0196A-2359-4C7F-8688-EAD50CE81D3B}.Release|Any CPU.ActiveCfg = Release|Any CPU
		{BAF0196A-2359-4C7F-8688-EAD50CE81D3B}.Release|Any CPU.Build.0 = Release|Any CPU
	EndGlobalSection
	GlobalSection(SolutionProperties) = preSolution
		HideSolutionNode = FALSE
	EndGlobalSection
	GlobalSection(ExtensibilityGlobals) = postSolution
		SolutionGuid = {1294A376-5E9B-46CE-BF87-37B428C9AF3E}
	EndGlobalSection
EndGlobal
